
Microsoft Visual Studio Solution File, Format Version 12.00
# Visual Studio Version 17
VisualStudioVersion = 17.6.33815.320
MinimumVisualStudioVersion = 10.0.40219.1
Project("{FAE04EC0-301F-11D3-BF4B-00C04F79EFBC}") = "SimpleWindow_", "SimpleWindow_\SimpleWindow_.csproj", "{EA797665-A2EB-47BA-B1AC-349008A78E25}"
EndProject
Global
	GlobalSection(SolutionConfigurationPlatforms) = preSolution
		Debug|Any CPU = Debug|Any CPU
		Release|Any CPU = Release|Any CPU
	EndGlobalSection
	GlobalSection(ProjectConfigurationPlatforms) = postSolution
		{EA797665-A2EB-47BA-B1AC-349008A78E25}.Debug|Any CPU.ActiveCfg = Debug|Any CPU
		{EA797665-A2EB-47BA-B1AC-349008A78E25}.Debug|Any CPU.Build.0 = Debug|Any CPU
		{EA797665-A2EB-47BA-B1AC-349008A78E25}.Release|Any CPU.ActiveCfg = Release|Any CPU
		{EA797665-A2EB-47BA-B1AC-349008A78E25}.Release|Any CPU.Build.0 = Release|Any CPU
	EndGlobalSection
	GlobalSection(SolutionProperties) = preSolution
		HideSolutionNode = FALSE
	EndGlobalSection
	GlobalSection(ExtensibilityGlobals) = postSolution
		SolutionGuid = {063D75F0-FF51-4E3A-BDCD-2B931E5032A1}
	EndGlobalSection
EndGlobal
