
Microsoft Visual Studio Solution File, Format Version 12.00
# Visual Studio Version 17
VisualStudioVersion = 17.6.33815.320
MinimumVisualStudioVersion = 10.0.40219.1
Project("{FAE04EC0-301F-11D3-BF4B-00C04F79EFBC}") = "Copy_Quiz", "Copy_Quiz\Copy_Quiz.csproj", "{4EA74572-5932-4A10-9E11-23C726945930}"
EndProject
Global
	GlobalSection(SolutionConfigurationPlatforms) = preSolution
		Debug|Any CPU = Debug|Any CPU
		Release|Any CPU = Release|Any CPU
	EndGlobalSection
	GlobalSection(ProjectConfigurationPlatforms) = postSolution
		{4EA74572-5932-4A10-9E11-23C726945930}.Debug|Any CPU.ActiveCfg = Debug|Any CPU
		{4EA74572-5932-4A10-9E11-23C726945930}.Debug|Any CPU.Build.0 = Debug|Any CPU
		{4EA74572-5932-4A10-9E11-23C726945930}.Release|Any CPU.ActiveCfg = Release|Any CPU
		{4EA74572-5932-4A10-9E11-23C726945930}.Release|Any CPU.Build.0 = Release|Any CPU
	EndGlobalSection
	GlobalSection(SolutionProperties) = preSolution
		HideSolutionNode = FALSE
	EndGlobalSection
	GlobalSection(ExtensibilityGlobals) = postSolution
		SolutionGuid = {26CC24B8-1E7C-45E0-B283-7E5BCB0B4594}
	EndGlobalSection
EndGlobal
