
Microsoft Visual Studio Solution File, Format Version 12.00
# Visual Studio Version 17
VisualStudioVersion = 17.6.33815.320
MinimumVisualStudioVersion = 10.0.40219.1
Project("{FAE04EC0-301F-11D3-BF4B-00C04F79EFBC}") = "RefReturn", "RefReturn\RefReturn.csproj", "{250A2C68-EF25-4A31-A75E-35AEF227AF01}"
EndProject
Global
	GlobalSection(SolutionConfigurationPlatforms) = preSolution
		Debug|Any CPU = Debug|Any CPU
		Release|Any CPU = Release|Any CPU
	EndGlobalSection
	GlobalSection(ProjectConfigurationPlatforms) = postSolution
		{250A2C68-EF25-4A31-A75E-35AEF227AF01}.Debug|Any CPU.ActiveCfg = Debug|Any CPU
		{250A2C68-EF25-4A31-A75E-35AEF227AF01}.Debug|Any CPU.Build.0 = Debug|Any CPU
		{250A2C68-EF25-4A31-A75E-35AEF227AF01}.Release|Any CPU.ActiveCfg = Release|Any CPU
		{250A2C68-EF25-4A31-A75E-35AEF227AF01}.Release|Any CPU.Build.0 = Release|Any CPU
	EndGlobalSection
	GlobalSection(SolutionProperties) = preSolution
		HideSolutionNode = FALSE
	EndGlobalSection
	GlobalSection(ExtensibilityGlobals) = postSolution
		SolutionGuid = {3A07AC62-7E14-4CC9-A693-2F231729B150}
	EndGlobalSection
EndGlobal
