
Microsoft Visual Studio Solution File, Format Version 12.00
# Visual Studio Version 17
VisualStudioVersion = 17.6.33815.320
MinimumVisualStudioVersion = 10.0.40219.1
Project("{FAE04EC0-301F-11D3-BF4B-00C04F79EFBC}") = "MemoryStringQuiz", "MemoryStringQuiz\MemoryStringQuiz.csproj", "{F1AED938-7614-4462-9314-20589C1EC088}"
EndProject
Global
	GlobalSection(SolutionConfigurationPlatforms) = preSolution
		Debug|Any CPU = Debug|Any CPU
		Release|Any CPU = Release|Any CPU
	EndGlobalSection
	GlobalSection(ProjectConfigurationPlatforms) = postSolution
		{F1AED938-7614-4462-9314-20589C1EC088}.Debug|Any CPU.ActiveCfg = Debug|Any CPU
		{F1AED938-7614-4462-9314-20589C1EC088}.Debug|Any CPU.Build.0 = Debug|Any CPU
		{F1AED938-7614-4462-9314-20589C1EC088}.Release|Any CPU.ActiveCfg = Release|Any CPU
		{F1AED938-7614-4462-9314-20589C1EC088}.Release|Any CPU.Build.0 = Release|Any CPU
	EndGlobalSection
	GlobalSection(SolutionProperties) = preSolution
		HideSolutionNode = FALSE
	EndGlobalSection
	GlobalSection(ExtensibilityGlobals) = postSolution
		SolutionGuid = {8CB7FED4-D6EA-48AE-AFB9-5BB6D1A5C976}
	EndGlobalSection
EndGlobal
