
Microsoft Visual Studio Solution File, Format Version 12.00
# Visual Studio Version 17
VisualStudioVersion = 17.6.33815.320
MinimumVisualStudioVersion = 10.0.40219.1
Project("{FAE04EC0-301F-11D3-BF4B-00C04F79EFBC}") = "OracleApp_Insert2", "OracleApp_Insert2\OracleApp_Insert2.csproj", "{8F6F903D-D1DB-4BD5-A7B2-CE5D7697B6D4}"
EndProject
Global
	GlobalSection(SolutionConfigurationPlatforms) = preSolution
		Debug|Any CPU = Debug|Any CPU
		Release|Any CPU = Release|Any CPU
	EndGlobalSection
	GlobalSection(ProjectConfigurationPlatforms) = postSolution
		{8F6F903D-D1DB-4BD5-A7B2-CE5D7697B6D4}.Debug|Any CPU.ActiveCfg = Debug|Any CPU
		{8F6F903D-D1DB-4BD5-A7B2-CE5D7697B6D4}.Debug|Any CPU.Build.0 = Debug|Any CPU
		{8F6F903D-D1DB-4BD5-A7B2-CE5D7697B6D4}.Release|Any CPU.ActiveCfg = Release|Any CPU
		{8F6F903D-D1DB-4BD5-A7B2-CE5D7697B6D4}.Release|Any CPU.Build.0 = Release|Any CPU
	EndGlobalSection
	GlobalSection(SolutionProperties) = preSolution
		HideSolutionNode = FALSE
	EndGlobalSection
	GlobalSection(ExtensibilityGlobals) = postSolution
		SolutionGuid = {635C4DBD-A0B7-4D45-9172-015F228A7CE2}
	EndGlobalSection
EndGlobal
