
Microsoft Visual Studio Solution File, Format Version 12.00
# Visual Studio Version 17
VisualStudioVersion = 17.6.33815.320
MinimumVisualStudioVersion = 10.0.40219.1
Project("{FAE04EC0-301F-11D3-BF4B-00C04F79EFBC}") = "DirFileApp01", "DirFileApp01\DirFileApp01.csproj", "{93B5D9C5-997C-4AD8-9F9D-B960AA8F4FDB}"
EndProject
Global
	GlobalSection(SolutionConfigurationPlatforms) = preSolution
		Debug|Any CPU = Debug|Any CPU
		Release|Any CPU = Release|Any CPU
	EndGlobalSection
	GlobalSection(ProjectConfigurationPlatforms) = postSolution
		{93B5D9C5-997C-4AD8-9F9D-B960AA8F4FDB}.Debug|Any CPU.ActiveCfg = Debug|Any CPU
		{93B5D9C5-997C-4AD8-9F9D-B960AA8F4FDB}.Debug|Any CPU.Build.0 = Debug|Any CPU
		{93B5D9C5-997C-4AD8-9F9D-B960AA8F4FDB}.Release|Any CPU.ActiveCfg = Release|Any CPU
		{93B5D9C5-997C-4AD8-9F9D-B960AA8F4FDB}.Release|Any CPU.Build.0 = Release|Any CPU
	EndGlobalSection
	GlobalSection(SolutionProperties) = preSolution
		HideSolutionNode = FALSE
	EndGlobalSection
	GlobalSection(ExtensibilityGlobals) = postSolution
		SolutionGuid = {E9B02B79-3C6A-49F6-9258-D1EF90F4C897}
	EndGlobalSection
EndGlobal
