
Microsoft Visual Studio Solution File, Format Version 12.00
# Visual Studio Version 17
VisualStudioVersion = 17.6.33815.320
MinimumVisualStudioVersion = 10.0.40219.1
Project("{FAE04EC0-301F-11D3-BF4B-00C04F79EFBC}") = "ConsoleApp19", "ConsoleApp19\ConsoleApp19.csproj", "{18601AAB-4CA6-49C9-A4F7-12117D3DD78F}"
EndProject
Global
	GlobalSection(SolutionConfigurationPlatforms) = preSolution
		Debug|Any CPU = Debug|Any CPU
		Release|Any CPU = Release|Any CPU
	EndGlobalSection
	GlobalSection(ProjectConfigurationPlatforms) = postSolution
		{18601AAB-4CA6-49C9-A4F7-12117D3DD78F}.Debug|Any CPU.ActiveCfg = Debug|Any CPU
		{18601AAB-4CA6-49C9-A4F7-12117D3DD78F}.Debug|Any CPU.Build.0 = Debug|Any CPU
		{18601AAB-4CA6-49C9-A4F7-12117D3DD78F}.Release|Any CPU.ActiveCfg = Release|Any CPU
		{18601AAB-4CA6-49C9-A4F7-12117D3DD78F}.Release|Any CPU.Build.0 = Release|Any CPU
	EndGlobalSection
	GlobalSection(SolutionProperties) = preSolution
		HideSolutionNode = FALSE
	EndGlobalSection
	GlobalSection(ExtensibilityGlobals) = postSolution
		SolutionGuid = {3177B6F7-FDDF-4659-9C21-E940A36AC643}
	EndGlobalSection
EndGlobal
