
Microsoft Visual Studio Solution File, Format Version 12.00
# Visual Studio Version 17
VisualStudioVersion = 17.6.33815.320
MinimumVisualStudioVersion = 10.0.40219.1
Project("{FAE04EC0-301F-11D3-BF4B-00C04F79EFBC}") = "SliceApp", "SliceApp\SliceApp.csproj", "{9B3FB34F-27F5-4F4B-8B0D-C374AEFA21F2}"
EndProject
Global
	GlobalSection(SolutionConfigurationPlatforms) = preSolution
		Debug|Any CPU = Debug|Any CPU
		Release|Any CPU = Release|Any CPU
	EndGlobalSection
	GlobalSection(ProjectConfigurationPlatforms) = postSolution
		{9B3FB34F-27F5-4F4B-8B0D-C374AEFA21F2}.Debug|Any CPU.ActiveCfg = Debug|Any CPU
		{9B3FB34F-27F5-4F4B-8B0D-C374AEFA21F2}.Debug|Any CPU.Build.0 = Debug|Any CPU
		{9B3FB34F-27F5-4F4B-8B0D-C374AEFA21F2}.Release|Any CPU.ActiveCfg = Release|Any CPU
		{9B3FB34F-27F5-4F4B-8B0D-C374AEFA21F2}.Release|Any CPU.Build.0 = Release|Any CPU
	EndGlobalSection
	GlobalSection(SolutionProperties) = preSolution
		HideSolutionNode = FALSE
	EndGlobalSection
	GlobalSection(ExtensibilityGlobals) = postSolution
		SolutionGuid = {10ED1DFC-74FD-4433-8B93-74490C3758DF}
	EndGlobalSection
EndGlobal
