
Microsoft Visual Studio Solution File, Format Version 12.00
# Visual Studio Version 17
VisualStudioVersion = 17.6.33815.320
MinimumVisualStudioVersion = 10.0.40219.1
Project("{FAE04EC0-301F-11D3-BF4B-00C04F79EFBC}") = "ConsoleApp17", "ConsoleApp17\ConsoleApp17.csproj", "{1AA6CB4B-013D-40D7-8B13-F33EAD2B6FDA}"
EndProject
Global
	GlobalSection(SolutionConfigurationPlatforms) = preSolution
		Debug|Any CPU = Debug|Any CPU
		Release|Any CPU = Release|Any CPU
	EndGlobalSection
	GlobalSection(ProjectConfigurationPlatforms) = postSolution
		{1AA6CB4B-013D-40D7-8B13-F33EAD2B6FDA}.Debug|Any CPU.ActiveCfg = Debug|Any CPU
		{1AA6CB4B-013D-40D7-8B13-F33EAD2B6FDA}.Debug|Any CPU.Build.0 = Debug|Any CPU
		{1AA6CB4B-013D-40D7-8B13-F33EAD2B6FDA}.Release|Any CPU.ActiveCfg = Release|Any CPU
		{1AA6CB4B-013D-40D7-8B13-F33EAD2B6FDA}.Release|Any CPU.Build.0 = Release|Any CPU
	EndGlobalSection
	GlobalSection(SolutionProperties) = preSolution
		HideSolutionNode = FALSE
	EndGlobalSection
	GlobalSection(ExtensibilityGlobals) = postSolution
		SolutionGuid = {757C4B0C-CD36-4865-8B6E-5BE539A0C120}
	EndGlobalSection
EndGlobal
