
Microsoft Visual Studio Solution File, Format Version 12.00
# Visual Studio Version 17
VisualStudioVersion = 17.6.33815.320
MinimumVisualStudioVersion = 10.0.40219.1
Project("{FAE04EC0-301F-11D3-BF4B-00C04F79EFBC}") = "RequiredProperty", "RequiredProperty\RequiredProperty.csproj", "{1EAED15F-A636-412F-9993-130551EF0ACA}"
EndProject
Global
	GlobalSection(SolutionConfigurationPlatforms) = preSolution
		Debug|Any CPU = Debug|Any CPU
		Release|Any CPU = Release|Any CPU
	EndGlobalSection
	GlobalSection(ProjectConfigurationPlatforms) = postSolution
		{1EAED15F-A636-412F-9993-130551EF0ACA}.Debug|Any CPU.ActiveCfg = Debug|Any CPU
		{1EAED15F-A636-412F-9993-130551EF0ACA}.Debug|Any CPU.Build.0 = Debug|Any CPU
		{1EAED15F-A636-412F-9993-130551EF0ACA}.Release|Any CPU.ActiveCfg = Release|Any CPU
		{1EAED15F-A636-412F-9993-130551EF0ACA}.Release|Any CPU.Build.0 = Release|Any CPU
	EndGlobalSection
	GlobalSection(SolutionProperties) = preSolution
		HideSolutionNode = FALSE
	EndGlobalSection
	GlobalSection(ExtensibilityGlobals) = postSolution
		SolutionGuid = {72A1A540-9ED3-43E7-A483-A18996E64750}
	EndGlobalSection
EndGlobal
