
Microsoft Visual Studio Solution File, Format Version 12.00
# Visual Studio Version 17
VisualStudioVersion = 17.6.33815.320
MinimumVisualStudioVersion = 10.0.40219.1
Project("{FAE04EC0-301F-11D3-BF4B-00C04F79EFBC}") = "Serialization_Quiz", "Serialization_Quiz\Serialization_Quiz.csproj", "{CDC5F143-CED4-4909-8903-26F52CD8C402}"
EndProject
Global
	GlobalSection(SolutionConfigurationPlatforms) = preSolution
		Debug|Any CPU = Debug|Any CPU
		Release|Any CPU = Release|Any CPU
	EndGlobalSection
	GlobalSection(ProjectConfigurationPlatforms) = postSolution
		{CDC5F143-CED4-4909-8903-26F52CD8C402}.Debug|Any CPU.ActiveCfg = Debug|Any CPU
		{CDC5F143-CED4-4909-8903-26F52CD8C402}.Debug|Any CPU.Build.0 = Debug|Any CPU
		{CDC5F143-CED4-4909-8903-26F52CD8C402}.Release|Any CPU.ActiveCfg = Release|Any CPU
		{CDC5F143-CED4-4909-8903-26F52CD8C402}.Release|Any CPU.Build.0 = Release|Any CPU
	EndGlobalSection
	GlobalSection(SolutionProperties) = preSolution
		HideSolutionNode = FALSE
	EndGlobalSection
	GlobalSection(ExtensibilityGlobals) = postSolution
		SolutionGuid = {B6860D1A-4A5E-44CE-9FB0-3F8EAB12EF89}
	EndGlobalSection
EndGlobal
