
Microsoft Visual Studio Solution File, Format Version 12.00
# Visual Studio Version 17
VisualStudioVersion = 17.6.33815.320
MinimumVisualStudioVersion = 10.0.40219.1
Project("{FAE04EC0-301F-11D3-BF4B-00C04F79EFBC}") = "Quiz005", "Quiz005\Quiz005.csproj", "{2D0C457D-39BB-4E6D-A1F3-225A4EC04061}"
EndProject
Global
	GlobalSection(SolutionConfigurationPlatforms) = preSolution
		Debug|Any CPU = Debug|Any CPU
		Release|Any CPU = Release|Any CPU
	EndGlobalSection
	GlobalSection(ProjectConfigurationPlatforms) = postSolution
		{2D0C457D-39BB-4E6D-A1F3-225A4EC04061}.Debug|Any CPU.ActiveCfg = Debug|Any CPU
		{2D0C457D-39BB-4E6D-A1F3-225A4EC04061}.Debug|Any CPU.Build.0 = Debug|Any CPU
		{2D0C457D-39BB-4E6D-A1F3-225A4EC04061}.Release|Any CPU.ActiveCfg = Release|Any CPU
		{2D0C457D-39BB-4E6D-A1F3-225A4EC04061}.Release|Any CPU.Build.0 = Release|Any CPU
	EndGlobalSection
	GlobalSection(SolutionProperties) = preSolution
		HideSolutionNode = FALSE
	EndGlobalSection
	GlobalSection(ExtensibilityGlobals) = postSolution
		SolutionGuid = {D6C32670-DCDF-443E-A6DA-FBD0498C3F69}
	EndGlobalSection
EndGlobal
