
Microsoft Visual Studio Solution File, Format Version 12.00
# Visual Studio Version 17
VisualStudioVersion = 17.6.33815.320
MinimumVisualStudioVersion = 10.0.40219.1
Project("{FAE04EC0-301F-11D3-BF4B-00C04F79EFBC}") = "StringApp002", "StringApp002\StringApp002.csproj", "{7A60D995-EE59-49E4-8D7F-01880A5A3999}"
EndProject
Global
	GlobalSection(SolutionConfigurationPlatforms) = preSolution
		Debug|Any CPU = Debug|Any CPU
		Release|Any CPU = Release|Any CPU
	EndGlobalSection
	GlobalSection(ProjectConfigurationPlatforms) = postSolution
		{7A60D995-EE59-49E4-8D7F-01880A5A3999}.Debug|Any CPU.ActiveCfg = Debug|Any CPU
		{7A60D995-EE59-49E4-8D7F-01880A5A3999}.Debug|Any CPU.Build.0 = Debug|Any CPU
		{7A60D995-EE59-49E4-8D7F-01880A5A3999}.Release|Any CPU.ActiveCfg = Release|Any CPU
		{7A60D995-EE59-49E4-8D7F-01880A5A3999}.Release|Any CPU.Build.0 = Release|Any CPU
	EndGlobalSection
	GlobalSection(SolutionProperties) = preSolution
		HideSolutionNode = FALSE
	EndGlobalSection
	GlobalSection(ExtensibilityGlobals) = postSolution
		SolutionGuid = {AFD2383B-61BF-47DD-B21A-EFAC2AF62E3A}
	EndGlobalSection
EndGlobal
