
Microsoft Visual Studio Solution File, Format Version 12.00
# Visual Studio Version 17
VisualStudioVersion = 17.6.33815.320
MinimumVisualStudioVersion = 10.0.40219.1
Project("{FAE04EC0-301F-11D3-BF4B-00C04F79EFBC}") = "MethodTest001", "MethodTest001\MethodTest001.csproj", "{C1837D60-8516-45BB-B306-83E267F05203}"
EndProject
Global
	GlobalSection(SolutionConfigurationPlatforms) = preSolution
		Debug|Any CPU = Debug|Any CPU
		Release|Any CPU = Release|Any CPU
	EndGlobalSection
	GlobalSection(ProjectConfigurationPlatforms) = postSolution
		{C1837D60-8516-45BB-B306-83E267F05203}.Debug|Any CPU.ActiveCfg = Debug|Any CPU
		{C1837D60-8516-45BB-B306-83E267F05203}.Debug|Any CPU.Build.0 = Debug|Any CPU
		{C1837D60-8516-45BB-B306-83E267F05203}.Release|Any CPU.ActiveCfg = Release|Any CPU
		{C1837D60-8516-45BB-B306-83E267F05203}.Release|Any CPU.Build.0 = Release|Any CPU
	EndGlobalSection
	GlobalSection(SolutionProperties) = preSolution
		HideSolutionNode = FALSE
	EndGlobalSection
	GlobalSection(ExtensibilityGlobals) = postSolution
		SolutionGuid = {5670862E-3406-4D25-A533-9440415ED5F2}
	EndGlobalSection
EndGlobal
