
Microsoft Visual Studio Solution File, Format Version 12.00
# Visual Studio Version 17
VisualStudioVersion = 17.6.33815.320
MinimumVisualStudioVersion = 10.0.40219.1
Project("{FAE04EC0-301F-11D3-BF4B-00C04F79EFBC}") = "InItOnlyApp", "InItOnlyApp\InItOnlyApp.csproj", "{12CF14A8-7A26-4A43-A32C-5463A8FA88D6}"
EndProject
Global
	GlobalSection(SolutionConfigurationPlatforms) = preSolution
		Debug|Any CPU = Debug|Any CPU
		Release|Any CPU = Release|Any CPU
	EndGlobalSection
	GlobalSection(ProjectConfigurationPlatforms) = postSolution
		{12CF14A8-7A26-4A43-A32C-5463A8FA88D6}.Debug|Any CPU.ActiveCfg = Debug|Any CPU
		{12CF14A8-7A26-4A43-A32C-5463A8FA88D6}.Debug|Any CPU.Build.0 = Debug|Any CPU
		{12CF14A8-7A26-4A43-A32C-5463A8FA88D6}.Release|Any CPU.ActiveCfg = Release|Any CPU
		{12CF14A8-7A26-4A43-A32C-5463A8FA88D6}.Release|Any CPU.Build.0 = Release|Any CPU
	EndGlobalSection
	GlobalSection(SolutionProperties) = preSolution
		HideSolutionNode = FALSE
	EndGlobalSection
	GlobalSection(ExtensibilityGlobals) = postSolution
		SolutionGuid = {45C2A9F6-E0D9-4136-95E4-C2D45DA49E92}
	EndGlobalSection
EndGlobal
