
Microsoft Visual Studio Solution File, Format Version 12.00
# Visual Studio Version 17
VisualStudioVersion = 17.6.33815.320
MinimumVisualStudioVersion = 10.0.40219.1
Project("{FAE04EC0-301F-11D3-BF4B-00C04F79EFBC}") = "WindowsFormsApp3", "WindowsFormsApp3\WindowsFormsApp3.csproj", "{D494BACD-9BA9-432F-AE88-833D847FD53B}"
EndProject
Global
	GlobalSection(SolutionConfigurationPlatforms) = preSolution
		Debug|Any CPU = Debug|Any CPU
		Release|Any CPU = Release|Any CPU
	EndGlobalSection
	GlobalSection(ProjectConfigurationPlatforms) = postSolution
		{D494BACD-9BA9-432F-AE88-833D847FD53B}.Debug|Any CPU.ActiveCfg = Debug|Any CPU
		{D494BACD-9BA9-432F-AE88-833D847FD53B}.Debug|Any CPU.Build.0 = Debug|Any CPU
		{D494BACD-9BA9-432F-AE88-833D847FD53B}.Release|Any CPU.ActiveCfg = Release|Any CPU
		{D494BACD-9BA9-432F-AE88-833D847FD53B}.Release|Any CPU.Build.0 = Release|Any CPU
	EndGlobalSection
	GlobalSection(SolutionProperties) = preSolution
		HideSolutionNode = FALSE
	EndGlobalSection
	GlobalSection(ExtensibilityGlobals) = postSolution
		SolutionGuid = {6697FCC0-38D6-4737-82CD-32DBCC946596}
	EndGlobalSection
EndGlobal
