
Microsoft Visual Studio Solution File, Format Version 12.00
# Visual Studio Version 17
VisualStudioVersion = 17.6.33815.320
MinimumVisualStudioVersion = 10.0.40219.1
Project("{FAE04EC0-301F-11D3-BF4B-00C04F79EFBC}") = "StarMemo", "StarMemo\StarMemo.csproj", "{6F8BEF65-EA48-4B02-8044-2DCE0FCD5D29}"
EndProject
Global
	GlobalSection(SolutionConfigurationPlatforms) = preSolution
		Debug|Any CPU = Debug|Any CPU
		Release|Any CPU = Release|Any CPU
	EndGlobalSection
	GlobalSection(ProjectConfigurationPlatforms) = postSolution
		{6F8BEF65-EA48-4B02-8044-2DCE0FCD5D29}.Debug|Any CPU.ActiveCfg = Debug|Any CPU
		{6F8BEF65-EA48-4B02-8044-2DCE0FCD5D29}.Debug|Any CPU.Build.0 = Debug|Any CPU
		{6F8BEF65-EA48-4B02-8044-2DCE0FCD5D29}.Release|Any CPU.ActiveCfg = Release|Any CPU
		{6F8BEF65-EA48-4B02-8044-2DCE0FCD5D29}.Release|Any CPU.Build.0 = Release|Any CPU
	EndGlobalSection
	GlobalSection(SolutionProperties) = preSolution
		HideSolutionNode = FALSE
	EndGlobalSection
	GlobalSection(ExtensibilityGlobals) = postSolution
		SolutionGuid = {8ECBC8AD-1D47-4535-B84F-733358C265BA}
	EndGlobalSection
EndGlobal
