
Microsoft Visual Studio Solution File, Format Version 12.00
# Visual Studio Version 17
VisualStudioVersion = 17.6.33815.320
MinimumVisualStudioVersion = 10.0.40219.1
Project("{FAE04EC0-301F-11D3-BF4B-00C04F79EFBC}") = "SignedUnsigned", "SignedUnsigned\SignedUnsigned.csproj", "{8DD3D453-6FB2-4FA6-BB0E-1505A60779F9}"
EndProject
Global
	GlobalSection(SolutionConfigurationPlatforms) = preSolution
		Debug|Any CPU = Debug|Any CPU
		Release|Any CPU = Release|Any CPU
	EndGlobalSection
	GlobalSection(ProjectConfigurationPlatforms) = postSolution
		{8DD3D453-6FB2-4FA6-BB0E-1505A60779F9}.Debug|Any CPU.ActiveCfg = Debug|Any CPU
		{8DD3D453-6FB2-4FA6-BB0E-1505A60779F9}.Debug|Any CPU.Build.0 = Debug|Any CPU
		{8DD3D453-6FB2-4FA6-BB0E-1505A60779F9}.Release|Any CPU.ActiveCfg = Release|Any CPU
		{8DD3D453-6FB2-4FA6-BB0E-1505A60779F9}.Release|Any CPU.Build.0 = Release|Any CPU
	EndGlobalSection
	GlobalSection(SolutionProperties) = preSolution
		HideSolutionNode = FALSE
	EndGlobalSection
	GlobalSection(ExtensibilityGlobals) = postSolution
		SolutionGuid = {FF0BE5DE-7DFC-4C59-B443-E25EECC6BBD6}
	EndGlobalSection
EndGlobal
