
Microsoft Visual Studio Solution File, Format Version 12.00
# Visual Studio Version 17
VisualStudioVersion = 17.6.33815.320
MinimumVisualStudioVersion = 10.0.40219.1
Project("{FAE04EC0-301F-11D3-BF4B-00C04F79EFBC}") = "OOP_Study02", "OOP_Study02\OOP_Study02.csproj", "{AB7E4BE8-613A-45FD-A8C1-8F92E891E4F0}"
EndProject
Global
	GlobalSection(SolutionConfigurationPlatforms) = preSolution
		Debug|Any CPU = Debug|Any CPU
		Release|Any CPU = Release|Any CPU
	EndGlobalSection
	GlobalSection(ProjectConfigurationPlatforms) = postSolution
		{AB7E4BE8-613A-45FD-A8C1-8F92E891E4F0}.Debug|Any CPU.ActiveCfg = Debug|Any CPU
		{AB7E4BE8-613A-45FD-A8C1-8F92E891E4F0}.Debug|Any CPU.Build.0 = Debug|Any CPU
		{AB7E4BE8-613A-45FD-A8C1-8F92E891E4F0}.Release|Any CPU.ActiveCfg = Release|Any CPU
		{AB7E4BE8-613A-45FD-A8C1-8F92E891E4F0}.Release|Any CPU.Build.0 = Release|Any CPU
	EndGlobalSection
	GlobalSection(SolutionProperties) = preSolution
		HideSolutionNode = FALSE
	EndGlobalSection
	GlobalSection(ExtensibilityGlobals) = postSolution
		SolutionGuid = {3CD72887-2BE5-4ECF-AA9B-7A30C1A07193}
	EndGlobalSection
EndGlobal
