
Microsoft Visual Studio Solution File, Format Version 12.00
# Visual Studio Version 17
VisualStudioVersion = 17.6.33815.320
MinimumVisualStudioVersion = 10.0.40219.1
Project("{FAE04EC0-301F-11D3-BF4B-00C04F79EFBC}") = "App001", "App001\App001.csproj", "{9B72DB9B-0207-41A4-B2D5-03A4695A9A1E}"
EndProject
Global
	GlobalSection(SolutionConfigurationPlatforms) = preSolution
		Debug|Any CPU = Debug|Any CPU
		Release|Any CPU = Release|Any CPU
	EndGlobalSection
	GlobalSection(ProjectConfigurationPlatforms) = postSolution
		{9B72DB9B-0207-41A4-B2D5-03A4695A9A1E}.Debug|Any CPU.ActiveCfg = Debug|Any CPU
		{9B72DB9B-0207-41A4-B2D5-03A4695A9A1E}.Debug|Any CPU.Build.0 = Debug|Any CPU
		{9B72DB9B-0207-41A4-B2D5-03A4695A9A1E}.Release|Any CPU.ActiveCfg = Release|Any CPU
		{9B72DB9B-0207-41A4-B2D5-03A4695A9A1E}.Release|Any CPU.Build.0 = Release|Any CPU
	EndGlobalSection
	GlobalSection(SolutionProperties) = preSolution
		HideSolutionNode = FALSE
	EndGlobalSection
	GlobalSection(ExtensibilityGlobals) = postSolution
		SolutionGuid = {115873B2-C34F-4181-90A4-7D834D97F907}
	EndGlobalSection
EndGlobal
