
Microsoft Visual Studio Solution File, Format Version 12.00
# Visual Studio Version 17
VisualStudioVersion = 17.6.33815.320
MinimumVisualStudioVersion = 10.0.40219.1
Project("{FAE04EC0-301F-11D3-BF4B-00C04F79EFBC}") = "FormQuiz3", "FormQuiz3\FormQuiz3.csproj", "{DDB8E419-A31B-49A1-A9E0-1F482CE640F8}"
EndProject
Global
	GlobalSection(SolutionConfigurationPlatforms) = preSolution
		Debug|Any CPU = Debug|Any CPU
		Release|Any CPU = Release|Any CPU
	EndGlobalSection
	GlobalSection(ProjectConfigurationPlatforms) = postSolution
		{DDB8E419-A31B-49A1-A9E0-1F482CE640F8}.Debug|Any CPU.ActiveCfg = Debug|Any CPU
		{DDB8E419-A31B-49A1-A9E0-1F482CE640F8}.Debug|Any CPU.Build.0 = Debug|Any CPU
		{DDB8E419-A31B-49A1-A9E0-1F482CE640F8}.Release|Any CPU.ActiveCfg = Release|Any CPU
		{DDB8E419-A31B-49A1-A9E0-1F482CE640F8}.Release|Any CPU.Build.0 = Release|Any CPU
	EndGlobalSection
	GlobalSection(SolutionProperties) = preSolution
		HideSolutionNode = FALSE
	EndGlobalSection
	GlobalSection(ExtensibilityGlobals) = postSolution
		SolutionGuid = {7FF7069F-50EE-45F6-8C12-0ED10BF19FA8}
	EndGlobalSection
EndGlobal
