
Microsoft Visual Studio Solution File, Format Version 12.00
# Visual Studio Version 17
VisualStudioVersion = 17.6.33815.320
MinimumVisualStudioVersion = 10.0.40219.1
Project("{FAE04EC0-301F-11D3-BF4B-00C04F79EFBC}") = "InterfaceApp01", "InterfaceApp01\InterfaceApp01.csproj", "{C8FB1EA8-45FE-482A-99BD-0711541F4FB3}"
EndProject
Global
	GlobalSection(SolutionConfigurationPlatforms) = preSolution
		Debug|Any CPU = Debug|Any CPU
		Release|Any CPU = Release|Any CPU
	EndGlobalSection
	GlobalSection(ProjectConfigurationPlatforms) = postSolution
		{C8FB1EA8-45FE-482A-99BD-0711541F4FB3}.Debug|Any CPU.ActiveCfg = Debug|Any CPU
		{C8FB1EA8-45FE-482A-99BD-0711541F4FB3}.Debug|Any CPU.Build.0 = Debug|Any CPU
		{C8FB1EA8-45FE-482A-99BD-0711541F4FB3}.Release|Any CPU.ActiveCfg = Release|Any CPU
		{C8FB1EA8-45FE-482A-99BD-0711541F4FB3}.Release|Any CPU.Build.0 = Release|Any CPU
	EndGlobalSection
	GlobalSection(SolutionProperties) = preSolution
		HideSolutionNode = FALSE
	EndGlobalSection
	GlobalSection(ExtensibilityGlobals) = postSolution
		SolutionGuid = {D6B760D8-E9E3-4E85-887F-683E1A975E74}
	EndGlobalSection
EndGlobal
