
Microsoft Visual Studio Solution File, Format Version 12.00
# Visual Studio Version 17
VisualStudioVersion = 17.6.33815.320
MinimumVisualStudioVersion = 10.0.40219.1
Project("{FAE04EC0-301F-11D3-BF4B-00C04F79EFBC}") = "LoopAppTest001", "LoopAppTest001\LoopAppTest001.csproj", "{31DED39C-989F-4B4F-9F37-5A08C253BF7D}"
EndProject
Global
	GlobalSection(SolutionConfigurationPlatforms) = preSolution
		Debug|Any CPU = Debug|Any CPU
		Release|Any CPU = Release|Any CPU
	EndGlobalSection
	GlobalSection(ProjectConfigurationPlatforms) = postSolution
		{31DED39C-989F-4B4F-9F37-5A08C253BF7D}.Debug|Any CPU.ActiveCfg = Debug|Any CPU
		{31DED39C-989F-4B4F-9F37-5A08C253BF7D}.Debug|Any CPU.Build.0 = Debug|Any CPU
		{31DED39C-989F-4B4F-9F37-5A08C253BF7D}.Release|Any CPU.ActiveCfg = Release|Any CPU
		{31DED39C-989F-4B4F-9F37-5A08C253BF7D}.Release|Any CPU.Build.0 = Release|Any CPU
	EndGlobalSection
	GlobalSection(SolutionProperties) = preSolution
		HideSolutionNode = FALSE
	EndGlobalSection
	GlobalSection(ExtensibilityGlobals) = postSolution
		SolutionGuid = {065AF842-7FE7-42F9-877F-7933D1F6DBE3}
	EndGlobalSection
EndGlobal
