
Microsoft Visual Studio Solution File, Format Version 12.00
# Visual Studio Version 17
VisualStudioVersion = 17.6.33815.320
MinimumVisualStudioVersion = 10.0.40219.1
Project("{FAE04EC0-301F-11D3-BF4B-00C04F79EFBC}") = "InDexerApp01", "InDexerApp01\InDexerApp01.csproj", "{A5D3EA5D-281E-4F99-BC8A-333E52D07CE9}"
EndProject
Global
	GlobalSection(SolutionConfigurationPlatforms) = preSolution
		Debug|Any CPU = Debug|Any CPU
		Release|Any CPU = Release|Any CPU
	EndGlobalSection
	GlobalSection(ProjectConfigurationPlatforms) = postSolution
		{A5D3EA5D-281E-4F99-BC8A-333E52D07CE9}.Debug|Any CPU.ActiveCfg = Debug|Any CPU
		{A5D3EA5D-281E-4F99-BC8A-333E52D07CE9}.Debug|Any CPU.Build.0 = Debug|Any CPU
		{A5D3EA5D-281E-4F99-BC8A-333E52D07CE9}.Release|Any CPU.ActiveCfg = Release|Any CPU
		{A5D3EA5D-281E-4F99-BC8A-333E52D07CE9}.Release|Any CPU.Build.0 = Release|Any CPU
	EndGlobalSection
	GlobalSection(SolutionProperties) = preSolution
		HideSolutionNode = FALSE
	EndGlobalSection
	GlobalSection(ExtensibilityGlobals) = postSolution
		SolutionGuid = {54EBADD8-FCE6-46F8-BA99-41BF5D38CD60}
	EndGlobalSection
EndGlobal
