
Microsoft Visual Studio Solution File, Format Version 12.00
# Visual Studio Version 17
VisualStudioVersion = 17.6.33815.320
MinimumVisualStudioVersion = 10.0.40219.1
Project("{FAE04EC0-301F-11D3-BF4B-00C04F79EFBC}") = "GenericApp04", "GenericApp04\GenericApp04.csproj", "{73DB51FA-98AE-499A-927F-07D07ACF5804}"
EndProject
Global
	GlobalSection(SolutionConfigurationPlatforms) = preSolution
		Debug|Any CPU = Debug|Any CPU
		Release|Any CPU = Release|Any CPU
	EndGlobalSection
	GlobalSection(ProjectConfigurationPlatforms) = postSolution
		{73DB51FA-98AE-499A-927F-07D07ACF5804}.Debug|Any CPU.ActiveCfg = Debug|Any CPU
		{73DB51FA-98AE-499A-927F-07D07ACF5804}.Debug|Any CPU.Build.0 = Debug|Any CPU
		{73DB51FA-98AE-499A-927F-07D07ACF5804}.Release|Any CPU.ActiveCfg = Release|Any CPU
		{73DB51FA-98AE-499A-927F-07D07ACF5804}.Release|Any CPU.Build.0 = Release|Any CPU
	EndGlobalSection
	GlobalSection(SolutionProperties) = preSolution
		HideSolutionNode = FALSE
	EndGlobalSection
	GlobalSection(ExtensibilityGlobals) = postSolution
		SolutionGuid = {BEC50D4F-F8E3-4D9D-ADA0-6975163DC4BD}
	EndGlobalSection
EndGlobal
