
Microsoft Visual Studio Solution File, Format Version 12.00
# Visual Studio Version 17
VisualStudioVersion = 17.6.33815.320
MinimumVisualStudioVersion = 10.0.40219.1
Project("{FAE04EC0-301F-11D3-BF4B-00C04F79EFBC}") = "UsingList", "UsingList\UsingList.csproj", "{042F3A54-D32C-4B06-92E2-EDD46C33BB72}"
EndProject
Global
	GlobalSection(SolutionConfigurationPlatforms) = preSolution
		Debug|Any CPU = Debug|Any CPU
		Release|Any CPU = Release|Any CPU
	EndGlobalSection
	GlobalSection(ProjectConfigurationPlatforms) = postSolution
		{042F3A54-D32C-4B06-92E2-EDD46C33BB72}.Debug|Any CPU.ActiveCfg = Debug|Any CPU
		{042F3A54-D32C-4B06-92E2-EDD46C33BB72}.Debug|Any CPU.Build.0 = Debug|Any CPU
		{042F3A54-D32C-4B06-92E2-EDD46C33BB72}.Release|Any CPU.ActiveCfg = Release|Any CPU
		{042F3A54-D32C-4B06-92E2-EDD46C33BB72}.Release|Any CPU.Build.0 = Release|Any CPU
	EndGlobalSection
	GlobalSection(SolutionProperties) = preSolution
		HideSolutionNode = FALSE
	EndGlobalSection
	GlobalSection(ExtensibilityGlobals) = postSolution
		SolutionGuid = {BDBFC975-122F-4AEE-9F57-F5011CB248C4}
	EndGlobalSection
EndGlobal
