
Microsoft Visual Studio Solution File, Format Version 12.00
# Visual Studio Version 17
VisualStudioVersion = 17.6.33815.320
MinimumVisualStudioVersion = 10.0.40219.1
Project("{FAE04EC0-301F-11D3-BF4B-00C04F79EFBC}") = "Program.cs", "Program.cs\Program.cs.csproj", "{C8D759A4-D294-4A44-8A32-6367302E0AED}"
EndProject
Global
	GlobalSection(SolutionConfigurationPlatforms) = preSolution
		Debug|Any CPU = Debug|Any CPU
		Release|Any CPU = Release|Any CPU
	EndGlobalSection
	GlobalSection(ProjectConfigurationPlatforms) = postSolution
		{C8D759A4-D294-4A44-8A32-6367302E0AED}.Debug|Any CPU.ActiveCfg = Debug|Any CPU
		{C8D759A4-D294-4A44-8A32-6367302E0AED}.Debug|Any CPU.Build.0 = Debug|Any CPU
		{C8D759A4-D294-4A44-8A32-6367302E0AED}.Release|Any CPU.ActiveCfg = Release|Any CPU
		{C8D759A4-D294-4A44-8A32-6367302E0AED}.Release|Any CPU.Build.0 = Release|Any CPU
	EndGlobalSection
	GlobalSection(SolutionProperties) = preSolution
		HideSolutionNode = FALSE
	EndGlobalSection
	GlobalSection(ExtensibilityGlobals) = postSolution
		SolutionGuid = {329A2CB7-AD5B-438A-B6D4-76A7107A6040}
	EndGlobalSection
EndGlobal
