
Microsoft Visual Studio Solution File, Format Version 12.00
# Visual Studio Version 17
VisualStudioVersion = 17.6.33815.320
MinimumVisualStudioVersion = 10.0.40219.1
Project("{FAE04EC0-301F-11D3-BF4B-00C04F79EFBC}") = "Quiz007", "Quiz007\Quiz007.csproj", "{42A2172C-84A5-4E77-A4B6-19874EE9BFC9}"
EndProject
Global
	GlobalSection(SolutionConfigurationPlatforms) = preSolution
		Debug|Any CPU = Debug|Any CPU
		Release|Any CPU = Release|Any CPU
	EndGlobalSection
	GlobalSection(ProjectConfigurationPlatforms) = postSolution
		{42A2172C-84A5-4E77-A4B6-19874EE9BFC9}.Debug|Any CPU.ActiveCfg = Debug|Any CPU
		{42A2172C-84A5-4E77-A4B6-19874EE9BFC9}.Debug|Any CPU.Build.0 = Debug|Any CPU
		{42A2172C-84A5-4E77-A4B6-19874EE9BFC9}.Release|Any CPU.ActiveCfg = Release|Any CPU
		{42A2172C-84A5-4E77-A4B6-19874EE9BFC9}.Release|Any CPU.Build.0 = Release|Any CPU
	EndGlobalSection
	GlobalSection(SolutionProperties) = preSolution
		HideSolutionNode = FALSE
	EndGlobalSection
	GlobalSection(ExtensibilityGlobals) = postSolution
		SolutionGuid = {216A221D-0937-4DBE-A564-57D347E3402E}
	EndGlobalSection
EndGlobal
