
Microsoft Visual Studio Solution File, Format Version 12.00
# Visual Studio Version 17
VisualStudioVersion = 17.6.33815.320
MinimumVisualStudioVersion = 10.0.40219.1
Project("{FAE04EC0-301F-11D3-BF4B-00C04F79EFBC}") = "OracleApp_Select", "OracleApp_Select\OracleApp_Select.csproj", "{76483128-C80D-48F3-A93E-8E11B27ECAFE}"
EndProject
Global
	GlobalSection(SolutionConfigurationPlatforms) = preSolution
		Debug|Any CPU = Debug|Any CPU
		Release|Any CPU = Release|Any CPU
	EndGlobalSection
	GlobalSection(ProjectConfigurationPlatforms) = postSolution
		{76483128-C80D-48F3-A93E-8E11B27ECAFE}.Debug|Any CPU.ActiveCfg = Debug|Any CPU
		{76483128-C80D-48F3-A93E-8E11B27ECAFE}.Debug|Any CPU.Build.0 = Debug|Any CPU
		{76483128-C80D-48F3-A93E-8E11B27ECAFE}.Release|Any CPU.ActiveCfg = Release|Any CPU
		{76483128-C80D-48F3-A93E-8E11B27ECAFE}.Release|Any CPU.Build.0 = Release|Any CPU
	EndGlobalSection
	GlobalSection(SolutionProperties) = preSolution
		HideSolutionNode = FALSE
	EndGlobalSection
	GlobalSection(ExtensibilityGlobals) = postSolution
		SolutionGuid = {1671E080-28E1-405D-AD78-9EB1F7161B4F}
	EndGlobalSection
EndGlobal
