
Microsoft Visual Studio Solution File, Format Version 12.00
# Visual Studio Version 17
VisualStudioVersion = 17.6.33815.320
MinimumVisualStudioVersion = 10.0.40219.1
Project("{FAE04EC0-301F-11D3-BF4B-00C04F79EFBC}") = "OOPApp001", "OOPApp001\OOPApp001.csproj", "{30EC9CDA-591C-4E29-840B-8341B397481C}"
EndProject
Global
	GlobalSection(SolutionConfigurationPlatforms) = preSolution
		Debug|Any CPU = Debug|Any CPU
		Release|Any CPU = Release|Any CPU
	EndGlobalSection
	GlobalSection(ProjectConfigurationPlatforms) = postSolution
		{30EC9CDA-591C-4E29-840B-8341B397481C}.Debug|Any CPU.ActiveCfg = Debug|Any CPU
		{30EC9CDA-591C-4E29-840B-8341B397481C}.Debug|Any CPU.Build.0 = Debug|Any CPU
		{30EC9CDA-591C-4E29-840B-8341B397481C}.Release|Any CPU.ActiveCfg = Release|Any CPU
		{30EC9CDA-591C-4E29-840B-8341B397481C}.Release|Any CPU.Build.0 = Release|Any CPU
	EndGlobalSection
	GlobalSection(SolutionProperties) = preSolution
		HideSolutionNode = FALSE
	EndGlobalSection
	GlobalSection(ExtensibilityGlobals) = postSolution
		SolutionGuid = {1EF068A2-A712-4577-9DEE-107265EA779D}
	EndGlobalSection
EndGlobal
