
Microsoft Visual Studio Solution File, Format Version 12.00
# Visual Studio Version 17
VisualStudioVersion = 17.6.33815.320
MinimumVisualStudioVersion = 10.0.40219.1
Project("{FAE04EC0-301F-11D3-BF4B-00C04F79EFBC}") = "OOPCollection01", "OOPCollection01\OOPCollection01.csproj", "{B9018681-E6C5-4AA8-BDA3-CAA7D62FAE03}"
EndProject
Global
	GlobalSection(SolutionConfigurationPlatforms) = preSolution
		Debug|Any CPU = Debug|Any CPU
		Release|Any CPU = Release|Any CPU
	EndGlobalSection
	GlobalSection(ProjectConfigurationPlatforms) = postSolution
		{B9018681-E6C5-4AA8-BDA3-CAA7D62FAE03}.Debug|Any CPU.ActiveCfg = Debug|Any CPU
		{B9018681-E6C5-4AA8-BDA3-CAA7D62FAE03}.Debug|Any CPU.Build.0 = Debug|Any CPU
		{B9018681-E6C5-4AA8-BDA3-CAA7D62FAE03}.Release|Any CPU.ActiveCfg = Release|Any CPU
		{B9018681-E6C5-4AA8-BDA3-CAA7D62FAE03}.Release|Any CPU.Build.0 = Release|Any CPU
	EndGlobalSection
	GlobalSection(SolutionProperties) = preSolution
		HideSolutionNode = FALSE
	EndGlobalSection
	GlobalSection(ExtensibilityGlobals) = postSolution
		SolutionGuid = {7960D019-B943-4E41-9580-3A76AE20788C}
	EndGlobalSection
EndGlobal
