
Microsoft Visual Studio Solution File, Format Version 12.00
# Visual Studio Version 17
VisualStudioVersion = 17.6.33815.320
MinimumVisualStudioVersion = 10.0.40219.1
Project("{FAE04EC0-301F-11D3-BF4B-00C04F79EFBC}") = "OOPApp008", "OOPApp008\OOPApp008.csproj", "{DDA02780-72AE-4ECF-B65F-38A000D7A937}"
EndProject
Global
	GlobalSection(SolutionConfigurationPlatforms) = preSolution
		Debug|Any CPU = Debug|Any CPU
		Release|Any CPU = Release|Any CPU
	EndGlobalSection
	GlobalSection(ProjectConfigurationPlatforms) = postSolution
		{DDA02780-72AE-4ECF-B65F-38A000D7A937}.Debug|Any CPU.ActiveCfg = Debug|Any CPU
		{DDA02780-72AE-4ECF-B65F-38A000D7A937}.Debug|Any CPU.Build.0 = Debug|Any CPU
		{DDA02780-72AE-4ECF-B65F-38A000D7A937}.Release|Any CPU.ActiveCfg = Release|Any CPU
		{DDA02780-72AE-4ECF-B65F-38A000D7A937}.Release|Any CPU.Build.0 = Release|Any CPU
	EndGlobalSection
	GlobalSection(SolutionProperties) = preSolution
		HideSolutionNode = FALSE
	EndGlobalSection
	GlobalSection(ExtensibilityGlobals) = postSolution
		SolutionGuid = {2B2BE00F-4BD2-4B27-B97E-74D2255474FD}
	EndGlobalSection
EndGlobal
