
Microsoft Visual Studio Solution File, Format Version 12.00
# Visual Studio Version 17
VisualStudioVersion = 17.6.33815.320
MinimumVisualStudioVersion = 10.0.40219.1
Project("{FAE04EC0-301F-11D3-BF4B-00C04F79EFBC}") = "RandomColorApp", "RandomColorApp\RandomColorApp.csproj", "{1FE334EA-AA81-4245-8548-D2CCC4BC9525}"
EndProject
Global
	GlobalSection(SolutionConfigurationPlatforms) = preSolution
		Debug|Any CPU = Debug|Any CPU
		Release|Any CPU = Release|Any CPU
	EndGlobalSection
	GlobalSection(ProjectConfigurationPlatforms) = postSolution
		{1FE334EA-AA81-4245-8548-D2CCC4BC9525}.Debug|Any CPU.ActiveCfg = Debug|Any CPU
		{1FE334EA-AA81-4245-8548-D2CCC4BC9525}.Debug|Any CPU.Build.0 = Debug|Any CPU
		{1FE334EA-AA81-4245-8548-D2CCC4BC9525}.Release|Any CPU.ActiveCfg = Release|Any CPU
		{1FE334EA-AA81-4245-8548-D2CCC4BC9525}.Release|Any CPU.Build.0 = Release|Any CPU
	EndGlobalSection
	GlobalSection(SolutionProperties) = preSolution
		HideSolutionNode = FALSE
	EndGlobalSection
	GlobalSection(ExtensibilityGlobals) = postSolution
		SolutionGuid = {13560EA9-B8AF-486A-BB3E-05DCCE2FAEC4}
	EndGlobalSection
EndGlobal
