
Microsoft Visual Studio Solution File, Format Version 12.00
# Visual Studio Version 17
VisualStudioVersion = 17.6.33815.320
MinimumVisualStudioVersion = 10.0.40219.1
Project("{FAE04EC0-301F-11D3-BF4B-00C04F79EFBC}") = "Synchronize", "Synchronize\Synchronize.csproj", "{21726E3A-6B0E-4A90-83CB-4D552310D9DA}"
EndProject
Global
	GlobalSection(SolutionConfigurationPlatforms) = preSolution
		Debug|Any CPU = Debug|Any CPU
		Release|Any CPU = Release|Any CPU
	EndGlobalSection
	GlobalSection(ProjectConfigurationPlatforms) = postSolution
		{21726E3A-6B0E-4A90-83CB-4D552310D9DA}.Debug|Any CPU.ActiveCfg = Debug|Any CPU
		{21726E3A-6B0E-4A90-83CB-4D552310D9DA}.Debug|Any CPU.Build.0 = Debug|Any CPU
		{21726E3A-6B0E-4A90-83CB-4D552310D9DA}.Release|Any CPU.ActiveCfg = Release|Any CPU
		{21726E3A-6B0E-4A90-83CB-4D552310D9DA}.Release|Any CPU.Build.0 = Release|Any CPU
	EndGlobalSection
	GlobalSection(SolutionProperties) = preSolution
		HideSolutionNode = FALSE
	EndGlobalSection
	GlobalSection(ExtensibilityGlobals) = postSolution
		SolutionGuid = {823DC76C-F76E-4889-A162-CE890F645293}
	EndGlobalSection
EndGlobal
