
Microsoft Visual Studio Solution File, Format Version 12.00
# Visual Studio Version 17
VisualStudioVersion = 17.6.33815.320
MinimumVisualStudioVersion = 10.0.40219.1
Project("{FAE04EC0-301F-11D3-BF4B-00C04F79EFBC}") = "If_Form", "If_Form\If_Form.csproj", "{4AF0C749-073D-406F-BD5B-EA2490E35A88}"
EndProject
Global
	GlobalSection(SolutionConfigurationPlatforms) = preSolution
		Debug|Any CPU = Debug|Any CPU
		Release|Any CPU = Release|Any CPU
	EndGlobalSection
	GlobalSection(ProjectConfigurationPlatforms) = postSolution
		{4AF0C749-073D-406F-BD5B-EA2490E35A88}.Debug|Any CPU.ActiveCfg = Debug|Any CPU
		{4AF0C749-073D-406F-BD5B-EA2490E35A88}.Debug|Any CPU.Build.0 = Debug|Any CPU
		{4AF0C749-073D-406F-BD5B-EA2490E35A88}.Release|Any CPU.ActiveCfg = Release|Any CPU
		{4AF0C749-073D-406F-BD5B-EA2490E35A88}.Release|Any CPU.Build.0 = Release|Any CPU
	EndGlobalSection
	GlobalSection(SolutionProperties) = preSolution
		HideSolutionNode = FALSE
	EndGlobalSection
	GlobalSection(ExtensibilityGlobals) = postSolution
		SolutionGuid = {EF8B73EE-0267-4F9E-82CD-4F16BADC002A}
	EndGlobalSection
EndGlobal
