
Microsoft Visual Studio Solution File, Format Version 12.00
# Visual Studio Version 17
VisualStudioVersion = 17.6.33815.320
MinimumVisualStudioVersion = 10.0.40219.1
Project("{FAE04EC0-301F-11D3-BF4B-00C04F79EFBC}") = "InDexerApp02", "InDexerApp02\InDexerApp02.csproj", "{96548B8A-8433-4EAF-9212-15DDF6D37B9B}"
EndProject
Global
	GlobalSection(SolutionConfigurationPlatforms) = preSolution
		Debug|Any CPU = Debug|Any CPU
		Release|Any CPU = Release|Any CPU
	EndGlobalSection
	GlobalSection(ProjectConfigurationPlatforms) = postSolution
		{96548B8A-8433-4EAF-9212-15DDF6D37B9B}.Debug|Any CPU.ActiveCfg = Debug|Any CPU
		{96548B8A-8433-4EAF-9212-15DDF6D37B9B}.Debug|Any CPU.Build.0 = Debug|Any CPU
		{96548B8A-8433-4EAF-9212-15DDF6D37B9B}.Release|Any CPU.ActiveCfg = Release|Any CPU
		{96548B8A-8433-4EAF-9212-15DDF6D37B9B}.Release|Any CPU.Build.0 = Release|Any CPU
	EndGlobalSection
	GlobalSection(SolutionProperties) = preSolution
		HideSolutionNode = FALSE
	EndGlobalSection
	GlobalSection(ExtensibilityGlobals) = postSolution
		SolutionGuid = {81E8B608-EAEB-43C5-9C54-58F4FF4C55E8}
	EndGlobalSection
EndGlobal
