
Microsoft Visual Studio Solution File, Format Version 12.00
# Visual Studio Version 17
VisualStudioVersion = 17.6.33815.320
MinimumVisualStudioVersion = 10.0.40219.1
Project("{FAE04EC0-301F-11D3-BF4B-00C04F79EFBC}") = "GenericApp03", "GenericApp03\GenericApp03.csproj", "{3E82DC5D-B842-4C34-9C3F-D8709264B1DB}"
EndProject
Global
	GlobalSection(SolutionConfigurationPlatforms) = preSolution
		Debug|Any CPU = Debug|Any CPU
		Release|Any CPU = Release|Any CPU
	EndGlobalSection
	GlobalSection(ProjectConfigurationPlatforms) = postSolution
		{3E82DC5D-B842-4C34-9C3F-D8709264B1DB}.Debug|Any CPU.ActiveCfg = Debug|Any CPU
		{3E82DC5D-B842-4C34-9C3F-D8709264B1DB}.Debug|Any CPU.Build.0 = Debug|Any CPU
		{3E82DC5D-B842-4C34-9C3F-D8709264B1DB}.Release|Any CPU.ActiveCfg = Release|Any CPU
		{3E82DC5D-B842-4C34-9C3F-D8709264B1DB}.Release|Any CPU.Build.0 = Release|Any CPU
	EndGlobalSection
	GlobalSection(SolutionProperties) = preSolution
		HideSolutionNode = FALSE
	EndGlobalSection
	GlobalSection(ExtensibilityGlobals) = postSolution
		SolutionGuid = {94FF70DC-0B96-467A-AC37-7D61AF07C857}
	EndGlobalSection
EndGlobal
