
Microsoft Visual Studio Solution File, Format Version 12.00
# Visual Studio Version 17
VisualStudioVersion = 17.6.33815.320
MinimumVisualStudioVersion = 10.0.40219.1
Project("{FAE04EC0-301F-11D3-BF4B-00C04F79EFBC}") = "EventTest", "EventTest\EventTest.csproj", "{A87495F9-B465-4B74-A518-4709BEB25C1E}"
EndProject
Global
	GlobalSection(SolutionConfigurationPlatforms) = preSolution
		Debug|Any CPU = Debug|Any CPU
		Release|Any CPU = Release|Any CPU
	EndGlobalSection
	GlobalSection(ProjectConfigurationPlatforms) = postSolution
		{A87495F9-B465-4B74-A518-4709BEB25C1E}.Debug|Any CPU.ActiveCfg = Debug|Any CPU
		{A87495F9-B465-4B74-A518-4709BEB25C1E}.Debug|Any CPU.Build.0 = Debug|Any CPU
		{A87495F9-B465-4B74-A518-4709BEB25C1E}.Release|Any CPU.ActiveCfg = Release|Any CPU
		{A87495F9-B465-4B74-A518-4709BEB25C1E}.Release|Any CPU.Build.0 = Release|Any CPU
	EndGlobalSection
	GlobalSection(SolutionProperties) = preSolution
		HideSolutionNode = FALSE
	EndGlobalSection
	GlobalSection(ExtensibilityGlobals) = postSolution
		SolutionGuid = {DC37BC58-2F37-4B14-85AB-BB7F9A4F6CF6}
	EndGlobalSection
EndGlobal
