
Microsoft Visual Studio Solution File, Format Version 12.00
# Visual Studio Version 17
VisualStudioVersion = 17.6.33815.320
MinimumVisualStudioVersion = 10.0.40219.1
Project("{FAE04EC0-301F-11D3-BF4B-00C04F79EFBC}") = "ListBox", "ListBox\ListBox.csproj", "{E7B3CFA3-1139-404C-8143-94644E281D62}"
EndProject
Global
	GlobalSection(SolutionConfigurationPlatforms) = preSolution
		Debug|Any CPU = Debug|Any CPU
		Release|Any CPU = Release|Any CPU
	EndGlobalSection
	GlobalSection(ProjectConfigurationPlatforms) = postSolution
		{E7B3CFA3-1139-404C-8143-94644E281D62}.Debug|Any CPU.ActiveCfg = Debug|Any CPU
		{E7B3CFA3-1139-404C-8143-94644E281D62}.Debug|Any CPU.Build.0 = Debug|Any CPU
		{E7B3CFA3-1139-404C-8143-94644E281D62}.Release|Any CPU.ActiveCfg = Release|Any CPU
		{E7B3CFA3-1139-404C-8143-94644E281D62}.Release|Any CPU.Build.0 = Release|Any CPU
	EndGlobalSection
	GlobalSection(SolutionProperties) = preSolution
		HideSolutionNode = FALSE
	EndGlobalSection
	GlobalSection(ExtensibilityGlobals) = postSolution
		SolutionGuid = {55F8ACEF-1AB2-46B3-964F-DC59A7470B8E}
	EndGlobalSection
EndGlobal
