
Microsoft Visual Studio Solution File, Format Version 12.00
# Visual Studio Version 17
VisualStudioVersion = 17.6.33815.320
MinimumVisualStudioVersion = 10.0.40219.1
Project("{FAE04EC0-301F-11D3-BF4B-00C04F79EFBC}") = "LocalFunction", "LocalFunction\LocalFunction.csproj", "{96226AF9-B573-4A3C-922A-6418E896F13F}"
EndProject
Global
	GlobalSection(SolutionConfigurationPlatforms) = preSolution
		Debug|Any CPU = Debug|Any CPU
		Release|Any CPU = Release|Any CPU
	EndGlobalSection
	GlobalSection(ProjectConfigurationPlatforms) = postSolution
		{96226AF9-B573-4A3C-922A-6418E896F13F}.Debug|Any CPU.ActiveCfg = Debug|Any CPU
		{96226AF9-B573-4A3C-922A-6418E896F13F}.Debug|Any CPU.Build.0 = Debug|Any CPU
		{96226AF9-B573-4A3C-922A-6418E896F13F}.Release|Any CPU.ActiveCfg = Release|Any CPU
		{96226AF9-B573-4A3C-922A-6418E896F13F}.Release|Any CPU.Build.0 = Release|Any CPU
	EndGlobalSection
	GlobalSection(SolutionProperties) = preSolution
		HideSolutionNode = FALSE
	EndGlobalSection
	GlobalSection(ExtensibilityGlobals) = postSolution
		SolutionGuid = {DFDF98E4-7966-42CF-9632-E58B8C7F2D41}
	EndGlobalSection
EndGlobal
